// !$*UTF8*$!
{
	archiveVersion = 1;
	classes = {
	};
	objectVersion = 56;
	objects = {

/* Begin PBXBuildFile section */
		C3BF5DA928D6C55600FCA1B8 /* AppDelegate.swift in Sources */ = {isa = PBXBuildFile; fileRef = C3BF5DA828D6C55600FCA1B8 /* AppDelegate.swift */; };
		C3BF5DAB28D6C55600FCA1B8 /* SceneDelegate.swift in Sources */ = {isa = PBXBuildFile; fileRef = C3BF5DAA28D6C55600FCA1B8 /* SceneDelegate.swift */; };
		C3BF5DB028D6C55600FCA1B8 /* Main.storyboard in Resources */ = {isa = PBXBuildFile; fileRef = C3BF5DAE28D6C55600FCA1B8 /* Main.storyboard */; };
		C3BF5DB228D6C55900FCA1B8 /* Assets.xcassets in Resources */ = {isa = PBXBuildFile; fileRef = C3BF5DB128D6C55900FCA1B8 /* Assets.xcassets */; };
		C3BF5DB528D6C55900FCA1B8 /* LaunchScreen.storyboard in Resources */ = {isa = PBXBuildFile; fileRef = C3BF5DB328D6C55900FCA1B8 /* LaunchScreen.storyboard */; };
		C3BF5DBD28D6C5A100FCA1B8 /* FirstViewController.swift in Sources */ = {isa = PBXBuildFile; fileRef = C3BF5DBC28D6C5A100FCA1B8 /* FirstViewController.swift */; };
		C3BF5DBF28D6C5D800FCA1B8 /* SecondViewController.swift in Sources */ = {isa = PBXBuildFile; fileRef = C3BF5DBE28D6C5D800FCA1B8 /* SecondViewController.swift */; };
		C3BF5DC128D6C5F700FCA1B8 /* MainTabBarController.swift in Sources */ = {isa = PBXBuildFile; fileRef = C3BF5DC028D6C5F700FCA1B8 /* MainTabBarController.swift */; };
		C3BF5DC328D6C85A00FCA1B8 /* ModalViewController.swift in Sources */ = {isa = PBXBuildFile; fileRef = C3BF5DC228D6C85A00FCA1B8 /* ModalViewController.swift */; };
		C3BF5DC528D6C94500FCA1B8 /* ThirdViewController.swift in Sources */ = {isa = PBXBuildFile; fileRef = C3BF5DC428D6C94500FCA1B8 /* ThirdViewController.swift */; };
		C3BF5DC728D6CDB000FCA1B8 /* ColorModeViewModel.swift in Sources */ = {isa = PBXBuildFile; fileRef = C3BF5DC628D6CDB000FCA1B8 /* ColorModeViewModel.swift */; };
		C3BF5DC928D6E1B100FCA1B8 /* UserViewModel.swift in Sources */ = {isa = PBXBuildFile; fileRef = C3BF5DC828D6E1B100FCA1B8 /* UserViewModel.swift */; };
/* End PBXBuildFile section */

/* Begin PBXFileReference section */
		C3BF5DA528D6C55600FCA1B8 /* MakingUITabBar.app */ = {isa = PBXFileReference; explicitFileType = wrapper.application; includeInIndex = 0; path = MakingUITabBar.app; sourceTree = BUILT_PRODUCTS_DIR; };
		C3BF5DA828D6C55600FCA1B8 /* AppDelegate.swift */ = {isa = PBXFileReference; lastKnownFileType = sourcecode.swift; path = AppDelegate.swift; sourceTree = "<group>"; };
		C3BF5DAA28D6C55600FCA1B8 /* SceneDelegate.swift */ = {isa = PBXFileReference; lastKnownFileType = sourcecode.swift; path = SceneDelegate.swift; sourceTree = "<group>"; };
		C3BF5DAF28D6C55600FCA1B8 /* Base */ = {isa = PBXFileReference; lastKnownFileType = file.storyboard; name = Base; path = Base.lproj/Main.storyboard; sourceTree = "<group>"; };
		C3BF5DB128D6C55900FCA1B8 /* Assets.xcassets */ = {isa = PBXFileReference; lastKnownFileType = folder.assetcatalog; path = Assets.xcassets; sourceTree = "<group>"; };
		C3BF5DB428D6C55900FCA1B8 /* Base */ = {isa = PBXFileReference; lastKnownFileType = file.storyboard; name = Base; path = Base.lproj/LaunchScreen.storyboard; sourceTree = "<group>"; };
		C3BF5DB628D6C55900FCA1B8 /* Info.plist */ = {isa = PBXFileReference; lastKnownFileType = text.plist.xml; path = Info.plist; sourceTree = "<group>"; };
		C3BF5DBC28D6C5A100FCA1B8 /* FirstViewController.swift */ = {isa = PBXFileReference; lastKnownFileType = sourcecode.swift; path = FirstViewController.swift; sourceTree = "<group>"; };
		C3BF5DBE28D6C5D800FCA1B8 /* SecondViewController.swift */ = {isa = PBXFileReference; lastKnownFileType = sourcecode.swift; path = SecondViewController.swift; sourceTree = "<group>"; };
		C3BF5DC028D6C5F700FCA1B8 /* MainTabBarController.swift */ = {isa = PBXFileReference; lastKnownFileType = sourcecode.swift; path = MainTabBarController.swift; sourceTree = "<group>"; };
		C3BF5DC228D6C85A00FCA1B8 /* ModalViewController.swift */ = {isa = PBXFileReference; lastKnownFileType = sourcecode.swift; path = ModalViewController.swift; sourceTree = "<group>"; };
		C3BF5DC428D6C94500FCA1B8 /* ThirdViewController.swift */ = {isa = PBXFileReference; lastKnownFileType = sourcecode.swift; path = ThirdViewController.swift; sourceTree = "<group>"; };
		C3BF5DC628D6CDB000FCA1B8 /* ColorModeViewModel.swift */ = {isa = PBXFileReference; lastKnownFileType = sourcecode.swift; path = ColorModeViewModel.swift; sourceTree = "<group>"; };
		C3BF5DC828D6E1B100FCA1B8 /* UserViewModel.swift */ = {isa = PBXFileReference; lastKnownFileType = sourcecode.swift; path = UserViewModel.swift; sourceTree = "<group>"; };
/* End PBXFileReference section */

/* Begin PBXFrameworksBuildPhase section */
		C3BF5DA228D6C55600FCA1B8 /* Frameworks */ = {
			isa = PBXFrameworksBuildPhase;
			buildActionMask = 2147483647;
			files = (
			);
			runOnlyForDeploymentPostprocessing = 0;
		};
/* End PBXFrameworksBuildPhase section */

/* Begin PBXGroup section */
		C3BF5D9C28D6C55600FCA1B8 = {
			isa = PBXGroup;
			children = (
				C3BF5DA728D6C55600FCA1B8 /* MakingUITabBar */,
				C3BF5DA628D6C55600FCA1B8 /* Products */,
			);
			sourceTree = "<group>";
		};
		C3BF5DA628D6C55600FCA1B8 /* Products */ = {
			isa = PBXGroup;
			children = (
				C3BF5DA528D6C55600FCA1B8 /* MakingUITabBar.app */,
			);
			name = Products;
			sourceTree = "<group>";
		};
		C3BF5DA728D6C55600FCA1B8 /* MakingUITabBar */ = {
			isa = PBXGroup;
			children = (
				C3BF5DC028D6C5F700FCA1B8 /* MainTabBarController.swift */,
				C3BF5DBC28D6C5A100FCA1B8 /* FirstViewController.swift */,
				C3BF5DBE28D6C5D800FCA1B8 /* SecondViewController.swift */,
				C3BF5DC428D6C94500FCA1B8 /* ThirdViewController.swift */,
				C3BF5DC228D6C85A00FCA1B8 /* ModalViewController.swift */,
				C3BF5DC628D6CDB000FCA1B8 /* ColorModeViewModel.swift */,
				C3BF5DC828D6E1B100FCA1B8 /* UserViewModel.swift */,
				C3BF5DA828D6C55600FCA1B8 /* AppDelegate.swift */,
				C3BF5DAA28D6C55600FCA1B8 /* SceneDelegate.swift */,
				C3BF5DAE28D6C55600FCA1B8 /* Main.storyboard */,
				C3BF5DB128D6C55900FCA1B8 /* Assets.xcassets */,
				C3BF5DB328D6C55900FCA1B8 /* LaunchScreen.storyboard */,
				C3BF5DB628D6C55900FCA1B8 /* Info.plist */,
			);
			path = MakingUITabBar;
			sourceTree = "<group>";
		};
/* End PBXGroup section */

/* Begin PBXNativeTarget section */
		C3BF5DA428D6C55600FCA1B8 /* MakingUITabBar */ = {
			isa = PBXNativeTarget;
			buildConfigurationList = C3BF5DB928D6C55900FCA1B8 /* Build configuration list for PBXNativeTarget "MakingUITabBar" */;
			buildPhases = (
				C3BF5DA128D6C55600FCA1B8 /* Sources */,
				C3BF5DA228D6C55600FCA1B8 /* Frameworks */,
				C3BF5DA328D6C55600FCA1B8 /* Resources */,
			);
			buildRules = (
			);
			dependencies = (
			);
			name = MakingUITabBar;
			productName = MakingUITabBar;
			productReference = C3BF5DA528D6C55600FCA1B8 /* MakingUITabBar.app */;
			productType = "com.apple.product-type.application";
		};
/* End PBXNativeTarget section */

/* Begin PBXProject section */
		C3BF5D9D28D6C55600FCA1B8 /* Project object */ = {
			isa = PBXProject;
			attributes = {
				BuildIndependentTargetsInParallel = 1;
				LastSwiftUpdateCheck = 1400;
				LastUpgradeCheck = 1400;
				TargetAttributes = {
					C3BF5DA428D6C55600FCA1B8 = {
						CreatedOnToolsVersion = 14.0;
					};
				};
			};
			buildConfigurationList = C3BF5DA028D6C55600FCA1B8 /* Build configuration list for PBXProject "MakingUITabBar" */;
			compatibilityVersion = "Xcode 14.0";
			developmentRegion = en;
			hasScannedForEncodings = 0;
			knownRegions = (
				en,
				Base,
			);
			mainGroup = C3BF5D9C28D6C55600FCA1B8;
			productRefGroup = C3BF5DA628D6C55600FCA1B8 /* Products */;
			projectDirPath = "";
			projectRoot = "";
			targets = (
				C3BF5DA428D6C55600FCA1B8 /* MakingUITabBar */,
			);
		};
/* End PBXProject section */

/* Begin PBXResourcesBuildPhase section */
		C3BF5DA328D6C55600FCA1B8 /* Resources */ = {
			isa = PBXResourcesBuildPhase;
			buildActionMask = 2147483647;
			files = (
				C3BF5DB528D6C55900FCA1B8 /* LaunchScreen.storyboard in Resources */,
				C3BF5DB228D6C55900FCA1B8 /* Assets.xcassets in Resources */,
				C3BF5DB028D6C55600FCA1B8 /* Main.storyboard in Resources */,
			);
			runOnlyForDeploymentPostprocessing = 0;
		};
/* End PBXResourcesBuildPhase section */

/* Begin PBXSourcesBuildPhase section */
		C3BF5DA128D6C55600FCA1B8 /* Sources */ = {
			isa = PBXSourcesBuildPhase;
			buildActionMask = 2147483647;
			files = (
				C3BF5DA928D6C55600FCA1B8 /* AppDelegate.swift in Sources */,
				C3BF5DC128D6C5F700FCA1B8 /* MainTabBarController.swift in Sources */,
				C3BF5DAB28D6C55600FCA1B8 /* SceneDelegate.swift in Sources */,
				C3BF5DC728D6CDB000FCA1B8 /* ColorModeViewModel.swift in Sources */,
				C3BF5DC528D6C94500FCA1B8 /* ThirdViewController.swift in Sources */,
				C3BF5DBF28D6C5D800FCA1B8 /* SecondViewController.swift in Sources */,
				C3BF5DC328D6C85A00FCA1B8 /* ModalViewController.swift in Sources */,
				C3BF5DC928D6E1B100FCA1B8 /* UserViewModel.swift in Sources */,
				C3BF5DBD28D6C5A100FCA1B8 /* FirstViewController.swift in Sources */,
			);
			runOnlyForDeploymentPostprocessing = 0;
		};
/* End PBXSourcesBuildPhase section */

/* Begin PBXVariantGroup section */
		C3BF5DAE28D6C55600FCA1B8 /* Main.storyboard */ = {
			isa = PBXVariantGroup;
			children = (
				C3BF5DAF28D6C55600FCA1B8 /* Base */,
			);
			name = Main.storyboard;
			sourceTree = "<group>";
		};
		C3BF5DB328D6C55900FCA1B8 /* LaunchScreen.storyboard */ = {
			isa = PBXVariantGroup;
			children = (
				C3BF5DB428D6C55900FCA1B8 /* Base */,
			);
			name = LaunchScreen.storyboard;
			sourceTree = "<group>";
		};
/* End PBXVariantGroup section */

/* Begin XCBuildConfiguration section */
		C3BF5DB728D6C55900FCA1B8 /* Debug */ = {
			isa = XCBuildConfiguration;
			buildSettings = {
				ALWAYS_SEARCH_USER_PATHS = NO;
				CLANG_ANALYZER_NONNULL = YES;
				CLANG_ANALYZER_NUMBER_OBJECT_CONVERSION = YES_AGGRESSIVE;
				CLANG_CXX_LANGUAGE_STANDARD = "gnu++20";
				CLANG_ENABLE_MODULES = YES;
				CLANG_ENABLE_OBJC_ARC = YES;
				CLANG_ENABLE_OBJC_WEAK = YES;
				CLANG_WARN_BLOCK_CAPTURE_AUTORELEASING = YES;
				CLANG_WARN_BOOL_CONVERSION = YES;
				CLANG_WARN_COMMA = YES;
				CLANG_WARN_CONSTANT_CONVERSION = YES;
				CLANG_WARN_DEPRECATED_OBJC_IMPLEMENTATIONS = YES;
				CLANG_WARN_DIRECT_OBJC_ISA_USAGE = YES_ERROR;
				CLANG_WARN_DOCUMENTATION_COMMENTS = YES;
				CLANG_WARN_EMPTY_BODY = YES;
				CLANG_WARN_ENUM_CONVERSION = YES;
				CLANG_WARN_INFINITE_RECURSION = YES;
				CLANG_WARN_INT_CONVERSION = YES;
				CLANG_WARN_NON_LITERAL_NULL_CONVERSION = YES;
				CLANG_WARN_OBJC_IMPLICIT_RETAIN_SELF = YES;
				CLANG_WARN_OBJC_LITERAL_CONVERSION = YES;
				CLANG_WARN_OBJC_ROOT_CLASS = YES_ERROR;
				CLANG_WARN_QUOTED_INCLUDE_IN_FRAMEWORK_HEADER = YES;
				CLANG_WARN_RANGE_LOOP_ANALYSIS = YES;
				CLANG_WARN_STRICT_PROTOTYPES = YES;
				CLANG_WARN_SUSPICIOUS_MOVE = YES;
				CLANG_WARN_UNGUARDED_AVAILABILITY = YES_AGGRESSIVE;
				CLANG_WARN_UNREACHABLE_CODE = YES;
				CLANG_WARN__DUPLICATE_METHOD_MATCH = YES;
				COPY_PHASE_STRIP = NO;
				DEBUG_INFORMATION_FORMAT = dwarf;
				ENABLE_STRICT_OBJC_MSGSEND = YES;
				ENABLE_TESTABILITY = YES;
				GCC_C_LANGUAGE_STANDARD = gnu11;
				GCC_DYNAMIC_NO_PIC = NO;
				GCC_NO_COMMON_BLOCKS = YES;
				GCC_OPTIMIZATION_LEVEL = 0;
				GCC_PREPROCESSOR_DEFINITIONS = (
					"DEBUG=1",
					"$(inherited)",
				);
				GCC_WARN_64_TO_32_BIT_CONVERSION = YES;
				GCC_WARN_ABOUT_RETURN_TYPE = YES_ERROR;
				GCC_WARN_UNDECLARED_SELECTOR = YES;
				GCC_WARN_UNINITIALIZED_AUTOS = YES_AGGRESSIVE;
				GCC_WARN_UNUSED_FUNCTION = YES;
				GCC_WARN_UNUSED_VARIABLE = YES;
				IPHONEOS_DEPLOYMENT_TARGET = 16.0;
				MTL_ENABLE_DEBUG_INFO = INCLUDE_SOURCE;
				MTL_FAST_MATH = YES;
				ONLY_ACTIVE_ARCH = YES;
				SDKROOT = iphoneos;
				SWIFT_ACTIVE_COMPILATION_CONDITIONS = DEBUG;
				SWIFT_OPTIMIZATION_LEVEL = "-Onone";
			};
			name = Debug;
		};
		C3BF5DB828D6C55900FCA1B8 /* Release */ = {
			isa = XCBuildConfiguration;
			buildSettings = {
				ALWAYS_SEARCH_USER_PATHS = NO;
				CLANG_ANALYZER_NONNULL = YES;
				CLANG_ANALYZER_NUMBER_OBJECT_CONVERSION = YES_AGGRESSIVE;
				CLANG_CXX_LANGUAGE_STANDARD = "gnu++20";
				CLANG_ENABLE_MODULES = YES;
				CLANG_ENABLE_OBJC_ARC = YES;
				CLANG_ENABLE_OBJC_WEAK = YES;
				CLANG_WARN_BLOCK_CAPTURE_AUTORELEASING = YES;
				CLANG_WARN_BOOL_CONVERSION = YES;
				CLANG_WARN_COMMA = YES;
				CLANG_WARN_CONSTANT_CONVERSION = YES;
				CLANG_WARN_DEPRECATED_OBJC_IMPLEMENTATIONS = YES;
				CLANG_WARN_DIRECT_OBJC_ISA_USAGE = YES_ERROR;
				CLANG_WARN_DOCUMENTATION_COMMENTS = YES;
				CLANG_WARN_EMPTY_BODY = YES;
				CLANG_WARN_ENUM_CONVERSION = YES;
				CLANG_WARN_INFINITE_RECURSION = YES;
				CLANG_WARN_INT_CONVERSION = YES;
				CLANG_WARN_NON_LITERAL_NULL_CONVERSION = YES;
				CLANG_WARN_OBJC_IMPLICIT_RETAIN_SELF = YES;
				CLANG_WARN_OBJC_LITERAL_CONVERSION = YES;
				CLANG_WARN_OBJC_ROOT_CLASS = YES_ERROR;
				CLANG_WARN_QUOTED_INCLUDE_IN_FRAMEWORK_HEADER = YES;
				CLANG_WARN_RANGE_LOOP_ANALYSIS = YES;
				CLANG_WARN_STRICT_PROTOTYPES = YES;
				CLANG_WARN_SUSPICIOUS_MOVE = YES;
				CLANG_WARN_UNGUARDED_AVAILABILITY = YES_AGGRESSIVE;
				CLANG_WARN_UNREACHABLE_CODE = YES;
				CLANG_WARN__DUPLICATE_METHOD_MATCH = YES;
				COPY_PHASE_STRIP = NO;
				DEBUG_INFORMATION_FORMAT = "dwarf-with-dsym";
				ENABLE_NS_ASSERTIONS = NO;
				ENABLE_STRICT_OBJC_MSGSEND = YES;
				GCC_C_LANGUAGE_STANDARD = gnu11;
				GCC_NO_COMMON_BLOCKS = YES;
				GCC_WARN_64_TO_32_BIT_CONVERSION = YES;
				GCC_WARN_ABOUT_RETURN_TYPE = YES_ERROR;
				GCC_WARN_UNDECLARED_SELECTOR = YES;
				GCC_WARN_UNINITIALIZED_AUTOS = YES_AGGRESSIVE;
				GCC_WARN_UNUSED_FUNCTION = YES;
				GCC_WARN_UNUSED_VARIABLE = YES;
				IPHONEOS_DEPLOYMENT_TARGET = 16.0;
				MTL_ENABLE_DEBUG_INFO = NO;
				MTL_FAST_MATH = YES;
				SDKROOT = iphoneos;
				SWIFT_COMPILATION_MODE = wholemodule;
				SWIFT_OPTIMIZATION_LEVEL = "-O";
				VALIDATE_PRODUCT = YES;
			};
			name = Release;
		};
		C3BF5DBA28D6C55900FCA1B8 /* Debug */ = {
			isa = XCBuildConfiguration;
			buildSettings = {
				ASSETCATALOG_COMPILER_APPICON_NAME = AppIcon;
				ASSETCATALOG_COMPILER_GLOBAL_ACCENT_COLOR_NAME = AccentColor;
				CODE_SIGN_STYLE = Automatic;
				CURRENT_PROJECT_VERSION = 1;
				DEVELOPMENT_TEAM = 8QCJZ49GGJ;
				GENERATE_INFOPLIST_FILE = YES;
				INFOPLIST_FILE = MakingUITabBar/Info.plist;
				INFOPLIST_KEY_UIApplicationSupportsIndirectInputEvents = YES;
				INFOPLIST_KEY_UILaunchStoryboardName = LaunchScreen;
				INFOPLIST_KEY_UIMainStoryboardFile = Main;
				INFOPLIST_KEY_UISupportedInterfaceOrientations_iPad = "UIInterfaceOrientationPortrait UIInterfaceOrientationPortraitUpsideDown UIInterfaceOrientationLandscapeLeft UIInterfaceOrientationLandscapeRight";
				INFOPLIST_KEY_UISupportedInterfaceOrientations_iPhone = "UIInterfaceOrientationPortrait UIInterfaceOrientationLandscapeLeft UIInterfaceOrientationLandscapeRight";
				LD_RUNPATH_SEARCH_PATHS = (
					"$(inherited)",
					"@executable_path/Frameworks",
				);
				MARKETING_VERSION = 1.0;
				PRODUCT_BUNDLE_IDENTIFIER = jumpei.MakingUITabBar;
				PRODUCT_NAME = "$(TARGET_NAME)";
				SWIFT_EMIT_LOC_STRINGS = YES;
				SWIFT_VERSION = 5.0;
				TARGETED_DEVICE_FAMILY = "1,2";
			};
			name = Debug;
		};
		C3BF5DBB28D6C55900FCA1B8 /* Release */ = {
			isa = XCBuildConfiguration;
			buildSettings = {
				ASSETCATALOG_COMPILER_APPICON_NAME = AppIcon;
				ASSETCATALOG_COMPILER_GLOBAL_ACCENT_COLOR_NAME = AccentColor;
				CODE_SIGN_STYLE = Automatic;
				CURRENT_PROJECT_VERSION = 1;
				DEVELOPMENT_TEAM = 8QCJZ49GGJ;
				GENERATE_INFOPLIST_FILE = YES;
				INFOPLIST_FILE = MakingUITabBar/Info.plist;
				INFOPLIST_KEY_UIApplicationSupportsIndirectInputEvents = YES;
				INFOPLIST_KEY_UILaunchStoryboardName = LaunchScreen;
				INFOPLIST_KEY_UIMainStoryboardFile = Main;
				INFOPLIST_KEY_UISupportedInterfaceOrientations_iPad = "UIInterfaceOrientationPortrait UIInterfaceOrientationPortraitUpsideDown UIInterfaceOrientationLandscapeLeft UIInterfaceOrientationLandscapeRight";
				INFOPLIST_KEY_UISupportedInterfaceOrientations_iPhone = "UIInterfaceOrientationPortrait UIInterfaceOrientationLandscapeLeft UIInterfaceOrientationLandscapeRight";
				LD_RUNPATH_SEARCH_PATHS = (
					"$(inherited)",
					"@executable_path/Frameworks",
				);
				MARKETING_VERSION = 1.0;
				PRODUCT_BUNDLE_IDENTIFIER = jumpei.MakingUITabBar;
				PRODUCT_NAME = "$(TARGET_NAME)";
				SWIFT_EMIT_LOC_STRINGS = YES;
				SWIFT_VERSION = 5.0;
				TARGETED_DEVICE_FAMILY = "1,2";
			};
			name = Release;
		};
/* End XCBuildConfiguration section */

/* Begin XCConfigurationList section */
		C3BF5DA028D6C55600FCA1B8 /* Build configuration list for PBXProject "MakingUITabBar" */ = {
			isa = XCConfigurationList;
			buildConfigurations = (
				C3BF5DB728D6C55900FCA1B8 /* Debug */,
				C3BF5DB828D6C55900FCA1B8 /* Release */,
			);
			defaultConfigurationIsVisible = 0;
			defaultConfigurationName = Release;
		};
		C3BF5DB928D6C55900FCA1B8 /* Build configuration list for PBXNativeTarget "MakingUITabBar" */ = {
			isa = XCConfigurationList;
			buildConfigurations = (
				C3BF5DBA28D6C55900FCA1B8 /* Debug */,
				C3BF5DBB28D6C55900FCA1B8 /* Release */,
			);
			defaultConfigurationIsVisible = 0;
			defaultConfigurationName = Release;
		};
/* End XCConfigurationList section */
	};
	rootObject = C3BF5D9D28D6C55600FCA1B8 /* Project object */;
}
